
Microsoft Visual Studio Solution File, Format Version 12.00
# Visual Studio Version 16
VisualStudioVersion = 16.0.29905.134
MinimumVisualStudioVersion = 10.0.40219.1
Project("{FAE04EC0-301F-11D3-BF4B-00C04F79EFBC}") = "WebApplication1", "WebApplication1.csproj", "{41FCCA0D-06A7-48A0-821D-4F27CEA866CA}"
EndProject
Global
	GlobalSection(SolutionConfigurationPlatforms) = preSolution
		Debug|Any CPU = Debug|Any CPU
		Release|Any CPU = Release|Any CPU
	EndGlobalSection
	GlobalSection(ProjectConfigurationPlatforms) = postSolution
		{41FCCA0D-06A7-48A0-821D-4F27CEA866CA}.Debug|Any CPU.ActiveCfg = Debug|Any CPU
		{41FCCA0D-06A7-48A0-821D-4F27CEA866CA}.Debug|Any CPU.Build.0 = Debug|Any CPU
		{41FCCA0D-06A7-48A0-821D-4F27CEA866CA}.Release|Any CPU.ActiveCfg = Release|Any CPU
		{41FCCA0D-06A7-48A0-821D-4F27CEA866CA}.Release|Any CPU.Build.0 = Release|Any CPU
	EndGlobalSection
	GlobalSection(SolutionProperties) = preSolution
		HideSolutionNode = FALSE
	EndGlobalSection
	GlobalSection(ExtensibilityGlobals) = postSolution
		SolutionGuid = {463FC4B6-F082-4AEE-A309-C40EDA8903A3}
	EndGlobalSection
EndGlobal
