
Microsoft Visual Studio Solution File, Format Version 12.00
# Visual Studio Version 16
VisualStudioVersion = 16.0.30002.166
MinimumVisualStudioVersion = 10.0.40219.1
Project("{FAE04EC0-301F-11D3-BF4B-00C04F79EFBC}") = "s18889a", "s18889a\s18889a.csproj", "{8C71576D-A6F2-4C6E-8A8E-E58EF430D2BD}"
EndProject
Global
	GlobalSection(SolutionConfigurationPlatforms) = preSolution
		Debug|Any CPU = Debug|Any CPU
		Release|Any CPU = Release|Any CPU
	EndGlobalSection
	GlobalSection(ProjectConfigurationPlatforms) = postSolution
		{8C71576D-A6F2-4C6E-8A8E-E58EF430D2BD}.Debug|Any CPU.ActiveCfg = Debug|Any CPU
		{8C71576D-A6F2-4C6E-8A8E-E58EF430D2BD}.Debug|Any CPU.Build.0 = Debug|Any CPU
		{8C71576D-A6F2-4C6E-8A8E-E58EF430D2BD}.Release|Any CPU.ActiveCfg = Release|Any CPU
		{8C71576D-A6F2-4C6E-8A8E-E58EF430D2BD}.Release|Any CPU.Build.0 = Release|Any CPU
	EndGlobalSection
	GlobalSection(SolutionProperties) = preSolution
		HideSolutionNode = FALSE
	EndGlobalSection
	GlobalSection(ExtensibilityGlobals) = postSolution
		SolutionGuid = {04CC326F-38DF-4114-A364-3F5374AD40EB}
	EndGlobalSection
EndGlobal
